
Microsoft Visual Studio Solution File, Format Version 12.00
# Visual Studio Version 16
VisualStudioVersion = 16.0.32106.194
MinimumVisualStudioVersion = 10.0.40219.1
Project("{9A19103F-16F7-4668-BE54-9A1E7A4F7556}") = "BethanyPieShopHRM", "ConsoleApp1\BethanyPieShopHRM.csproj", "{95075D6E-2B4F-4EBD-9467-62EA3E765AB4}"
EndProject
Project("{FAE04EC0-301F-11D3-BF4B-00C04F79EFBC}") = "BethanysPieShopHRM", "BethanysPieShopHRM\BethanysPieShopHRM.csproj", "{B1EEB1BD-4AB5-4E58-B942-E1DA01507F6A}"
EndProject
Global
	GlobalSection(SolutionConfigurationPlatforms) = preSolution
		Debug|Any CPU = Debug|Any CPU
		Release|Any CPU = Release|Any CPU
	EndGlobalSection
	GlobalSection(ProjectConfigurationPlatforms) = postSolution
		{95075D6E-2B4F-4EBD-9467-62EA3E765AB4}.Debug|Any CPU.ActiveCfg = Debug|Any CPU
		{95075D6E-2B4F-4EBD-9467-62EA3E765AB4}.Debug|Any CPU.Build.0 = Debug|Any CPU
		{95075D6E-2B4F-4EBD-9467-62EA3E765AB4}.Release|Any CPU.ActiveCfg = Release|Any CPU
		{95075D6E-2B4F-4EBD-9467-62EA3E765AB4}.Release|Any CPU.Build.0 = Release|Any CPU
		{B1EEB1BD-4AB5-4E58-B942-E1DA01507F6A}.Debug|Any CPU.ActiveCfg = Debug|Any CPU
		{B1EEB1BD-4AB5-4E58-B942-E1DA01507F6A}.Debug|Any CPU.Build.0 = Debug|Any CPU
		{B1EEB1BD-4AB5-4E58-B942-E1DA01507F6A}.Release|Any CPU.ActiveCfg = Release|Any CPU
		{B1EEB1BD-4AB5-4E58-B942-E1DA01507F6A}.Release|Any CPU.Build.0 = Release|Any CPU
	EndGlobalSection
	GlobalSection(SolutionProperties) = preSolution
		HideSolutionNode = FALSE
	EndGlobalSection
	GlobalSection(ExtensibilityGlobals) = postSolution
		SolutionGuid = {EE01958C-DB8E-46D7-A9A2-C4E5F2E24295}
	EndGlobalSection
EndGlobal
